// !$*UTF8*$!
{
	archiveVersion = 1;
	classes = {
	};
	objectVersion = 46;
	objects = {

/* Begin PBXBuildFile section */
		2C05D1C91C0D322000BFBDF6 /* PlaySongViewController.swift in Sources */ = {isa = PBXBuildFile; fileRef = 2C05D1C81C0D322000BFBDF6 /* PlaySongViewController.swift */; };
		2C22B4381BFB127800949702 /* MenuController.swift in Sources */ = {isa = PBXBuildFile; fileRef = 2C22B4371BFB127800949702 /* MenuController.swift */; };
		2C38A3401C0BEE34008AB09F /* SessionSongListTableViewController.swift in Sources */ = {isa = PBXBuildFile; fileRef = 2C38A33F1C0BEE33008AB09F /* SessionSongListTableViewController.swift */; };
		2CD188C51BFBE7B800857A47 /* SupportingFiles in Resources */ = {isa = PBXBuildFile; fileRef = 2CD188C41BFBE7B800857A47 /* SupportingFiles */; };
		2CD188D21BFBEC4700857A47 /* SWRevealViewController.m in Sources */ = {isa = PBXBuildFile; fileRef = 2CD188D11BFBEC4700857A47 /* SWRevealViewController.m */; };
		2CD40C661BFE792500C3A3BE /* HomeController.swift in Sources */ = {isa = PBXBuildFile; fileRef = 2CD40C651BFE792500C3A3BE /* HomeController.swift */; };
		2CDBDF771C10119400A289F1 /* Knul-Medium.otf in Resources */ = {isa = PBXBuildFile; fileRef = 2CDBDF761C10119400A289F1 /* Knul-Medium.otf */; };
		2CDBDF791C10119C00A289F1 /* Knul-Regular.otf in Resources */ = {isa = PBXBuildFile; fileRef = 2CDBDF781C10119C00A289F1 /* Knul-Regular.otf */; };
		2CDBDF7B1C1011A100A289F1 /* Knul-Light.otf in Resources */ = {isa = PBXBuildFile; fileRef = 2CDBDF7A1C1011A100A289F1 /* Knul-Light.otf */; };
		331903581C11CDD90084C63B /* TheBeatlesOne.jpg in Resources */ = {isa = PBXBuildFile; fileRef = 331903571C11CDD90084C63B /* TheBeatlesOne.jpg */; };
		3319035B1C11CF1E0084C63B /* Globals.swift in Sources */ = {isa = PBXBuildFile; fileRef = 3319035A1C11CF1E0084C63B /* Globals.swift */; };
		331903771C11CFD70084C63B /* AHardDaysNight.m4a in Resources */ = {isa = PBXBuildFile; fileRef = 3319035C1C11CFD70084C63B /* AHardDaysNight.m4a */; };
		331903781C11CFD70084C63B /* AllYouNeedIsLove.m4a in Resources */ = {isa = PBXBuildFile; fileRef = 3319035D1C11CFD70084C63B /* AllYouNeedIsLove.m4a */; };
		331903791C11CFD70084C63B /* CantBuyMeLove.m4a in Resources */ = {isa = PBXBuildFile; fileRef = 3319035E1C11CFD70084C63B /* CantBuyMeLove.m4a */; };
		3319037A1C11CFD70084C63B /* ComeTogether.m4a in Resources */ = {isa = PBXBuildFile; fileRef = 3319035F1C11CFD70084C63B /* ComeTogether.m4a */; };
		3319037B1C11CFD70084C63B /* DayTripper.m4a in Resources */ = {isa = PBXBuildFile; fileRef = 331903601C11CFD70084C63B /* DayTripper.m4a */; };
		3319037C1C11CFD70084C63B /* EightDaysAWeek.m4a in Resources */ = {isa = PBXBuildFile; fileRef = 331903611C11CFD70084C63B /* EightDaysAWeek.m4a */; };
		3319037D1C11CFD70084C63B /* EleanorRigby.m4a in Resources */ = {isa = PBXBuildFile; fileRef = 331903621C11CFD70084C63B /* EleanorRigby.m4a */; };
		3319037E1C11CFD70084C63B /* FromMeToYou.m4a in Resources */ = {isa = PBXBuildFile; fileRef = 331903631C11CFD70084C63B /* FromMeToYou.m4a */; };
		3319037F1C11CFD70084C63B /* GetBack.m4a in Resources */ = {isa = PBXBuildFile; fileRef = 331903641C11CFD70084C63B /* GetBack.m4a */; };
		331903801C11CFD70084C63B /* HelloGoodbye.m4a in Resources */ = {isa = PBXBuildFile; fileRef = 331903651C11CFD70084C63B /* HelloGoodbye.m4a */; };
		331903811C11CFD70084C63B /* Help.m4a in Resources */ = {isa = PBXBuildFile; fileRef = 331903661C11CFD70084C63B /* Help.m4a */; };
		331903821C11CFD70084C63B /* HeyJude.m4a in Resources */ = {isa = PBXBuildFile; fileRef = 331903671C11CFD70084C63B /* HeyJude.m4a */; };
		331903831C11CFD70084C63B /* IFeelFine.m4a in Resources */ = {isa = PBXBuildFile; fileRef = 331903681C11CFD70084C63B /* IFeelFine.m4a */; };
		331903841C11CFD70084C63B /* IWantToHoldYourHand.m4a in Resources */ = {isa = PBXBuildFile; fileRef = 331903691C11CFD70084C63B /* IWantToHoldYourHand.m4a */; };
		331903851C11CFD70084C63B /* LadyMadonna.m4a in Resources */ = {isa = PBXBuildFile; fileRef = 3319036A1C11CFD70084C63B /* LadyMadonna.m4a */; };
		331903861C11CFD70084C63B /* LetItBe.m4a in Resources */ = {isa = PBXBuildFile; fileRef = 3319036B1C11CFD70084C63B /* LetItBe.m4a */; };
		331903871C11CFD70084C63B /* LoveMeDo.m4a in Resources */ = {isa = PBXBuildFile; fileRef = 3319036C1C11CFD70084C63B /* LoveMeDo.m4a */; };
		331903881C11CFD70084C63B /* PaperbackRider.m4a in Resources */ = {isa = PBXBuildFile; fileRef = 3319036D1C11CFD70084C63B /* PaperbackRider.m4a */; };
		331903891C11CFD70084C63B /* PennyLane.m4a in Resources */ = {isa = PBXBuildFile; fileRef = 3319036E1C11CFD70084C63B /* PennyLane.m4a */; };
		3319038A1C11CFD70084C63B /* SheLovesYou.m4a in Resources */ = {isa = PBXBuildFile; fileRef = 3319036F1C11CFD70084C63B /* SheLovesYou.m4a */; };
		3319038B1C11CFD70084C63B /* Something.m4a in Resources */ = {isa = PBXBuildFile; fileRef = 331903701C11CFD70084C63B /* Something.m4a */; };
		3319038C1C11CFD70084C63B /* TheBalladOfJohnAndYoko.m4a in Resources */ = {isa = PBXBuildFile; fileRef = 331903711C11CFD70084C63B /* TheBalladOfJohnAndYoko.m4a */; };
		3319038D1C11CFD70084C63B /* TheLongAndWindingRoad.m4a in Resources */ = {isa = PBXBuildFile; fileRef = 331903721C11CFD70084C63B /* TheLongAndWindingRoad.m4a */; };
		3319038E1C11CFD70084C63B /* TicketToRide.m4a in Resources */ = {isa = PBXBuildFile; fileRef = 331903731C11CFD70084C63B /* TicketToRide.m4a */; };
		3319038F1C11CFD70084C63B /* WeCanWorkItOut.m4a in Resources */ = {isa = PBXBuildFile; fileRef = 331903741C11CFD70084C63B /* WeCanWorkItOut.m4a */; };
		331903901C11CFD70084C63B /* YellowSubmarine.m4a in Resources */ = {isa = PBXBuildFile; fileRef = 331903751C11CFD70084C63B /* YellowSubmarine.m4a */; };
		331903911C11CFD70084C63B /* Yesterday.m4a in Resources */ = {isa = PBXBuildFile; fileRef = 331903761C11CFD70084C63B /* Yesterday.m4a */; };
		331903931C11E0380084C63B /* downvote.png in Resources */ = {isa = PBXBuildFile; fileRef = 331903921C11E0380084C63B /* downvote.png */; };
		331903951C11E0EB0084C63B /* likeDeactivated.png in Resources */ = {isa = PBXBuildFile; fileRef = 331903941C11E0EB0084C63B /* likeDeactivated.png */; };
		331903971C11E0F30084C63B /* likeActivated.png in Resources */ = {isa = PBXBuildFile; fileRef = 331903961C11E0F30084C63B /* likeActivated.png */; };
		331903991C11E43F0084C63B /* TestViewControllerPast.swift in Sources */ = {isa = PBXBuildFile; fileRef = 331903981C11E43F0084C63B /* TestViewControllerPast.swift */; };
		3319039B1C11EDFE0084C63B /* Peter.jpg in Resources */ = {isa = PBXBuildFile; fileRef = 3319039A1C11EDFE0084C63B /* Peter.jpg */; };
		331903A11C1207150084C63B /* TestViewControllerJoined.swift in Sources */ = {isa = PBXBuildFile; fileRef = 331903A01C1207150084C63B /* TestViewControllerJoined.swift */; };
		3384C5F61C054D9F009DCC71 /* Song1.m4a in Resources */ = {isa = PBXBuildFile; fileRef = 3384C5F51C054D9F009DCC71 /* Song1.m4a */; };
		3384C5F81C054DE4009DCC71 /* Song2.m4a in Resources */ = {isa = PBXBuildFile; fileRef = 3384C5F71C054DE4009DCC71 /* Song2.m4a */; };
		3384C5FA1C054DF8009DCC71 /* Song3.m4a in Resources */ = {isa = PBXBuildFile; fileRef = 3384C5F91C054DF8009DCC71 /* Song3.m4a */; };
		3384C5FC1C0550D1009DCC71 /* JoinViewController.swift in Sources */ = {isa = PBXBuildFile; fileRef = 3384C5FB1C0550D1009DCC71 /* JoinViewController.swift */; };
		3384C5FE1C0552C7009DCC71 /* SessionViewController.swift in Sources */ = {isa = PBXBuildFile; fileRef = 3384C5FD1C0552C7009DCC71 /* SessionViewController.swift */; };
		33D096F71BF0205E00E6A3F1 /* AppDelegate.swift in Sources */ = {isa = PBXBuildFile; fileRef = 33D096F61BF0205E00E6A3F1 /* AppDelegate.swift */; };
		33D096F91BF0205E00E6A3F1 /* ViewController.swift in Sources */ = {isa = PBXBuildFile; fileRef = 33D096F81BF0205E00E6A3F1 /* ViewController.swift */; };
		33D096FC1BF0205E00E6A3F1 /* Main.storyboard in Resources */ = {isa = PBXBuildFile; fileRef = 33D096FA1BF0205E00E6A3F1 /* Main.storyboard */; };
		33D096FF1BF0205E00E6A3F1 /* Rubato.xcdatamodeld in Sources */ = {isa = PBXBuildFile; fileRef = 33D096FD1BF0205E00E6A3F1 /* Rubato.xcdatamodeld */; };
		33D097011BF0205E00E6A3F1 /* Images.xcassets in Resources */ = {isa = PBXBuildFile; fileRef = 33D097001BF0205E00E6A3F1 /* Images.xcassets */; };
		33D097041BF0205E00E6A3F1 /* LaunchScreen.storyboard in Resources */ = {isa = PBXBuildFile; fileRef = 33D097021BF0205E00E6A3F1 /* LaunchScreen.storyboard */; };
		33D0970F1BF0205E00E6A3F1 /* RubatoTests.swift in Sources */ = {isa = PBXBuildFile; fileRef = 33D0970E1BF0205E00E6A3F1 /* RubatoTests.swift */; };
		33D0971A1BF0205E00E6A3F1 /* RubatoUITests.swift in Sources */ = {isa = PBXBuildFile; fileRef = 33D097191BF0205E00E6A3F1 /* RubatoUITests.swift */; };
		33ED9D731BFD8C8400BF5AD9 /* Spotify.framework in Frameworks */ = {isa = PBXBuildFile; fileRef = 33ED9D721BFD8C8400BF5AD9 /* Spotify.framework */; };
		33ED9D751BFD8F0F00BF5AD9 /* AVFoundation.framework in Frameworks */ = {isa = PBXBuildFile; fileRef = 33ED9D741BFD8F0F00BF5AD9 /* AVFoundation.framework */; };
		33ED9D771BFD8F2900BF5AD9 /* SystemConfiguration.framework in Frameworks */ = {isa = PBXBuildFile; fileRef = 33ED9D761BFD8F2900BF5AD9 /* SystemConfiguration.framework */; };
		3F22143B1C0FB14D00FAB3D9 /* EmbededTableViewController.swift in Sources */ = {isa = PBXBuildFile; fileRef = 3F22143A1C0FB14D00FAB3D9 /* EmbededTableViewController.swift */; };
		3F3952141BFD7A2C0035F5EE /* CreateSessionController.swift in Sources */ = {isa = PBXBuildFile; fileRef = 3F3952131BFD7A2C0035F5EE /* CreateSessionController.swift */; };
		3FF12EA21C081E8500AB04B8 /* HomeViewController.swift in Sources */ = {isa = PBXBuildFile; fileRef = 3FF12EA11C081E8500AB04B8 /* HomeViewController.swift */; };
		3FF12EA41C08218500AB04B8 /* JoinTableViewController.swift in Sources */ = {isa = PBXBuildFile; fileRef = 3FF12EA31C08218500AB04B8 /* JoinTableViewController.swift */; };
		3FF12EA61C08222700AB04B8 /* CreateViewController.swift in Sources */ = {isa = PBXBuildFile; fileRef = 3FF12EA51C08222700AB04B8 /* CreateViewController.swift */; };
		3FF12EA81C08240A00AB04B8 /* TestViewController.swift in Sources */ = {isa = PBXBuildFile; fileRef = 3FF12EA71C08240A00AB04B8 /* TestViewController.swift */; };
		3FF12EAC1C08530A00AB04B8 /* SongItem.swift in Sources */ = {isa = PBXBuildFile; fileRef = 3FF12EAB1C08530A00AB04B8 /* SongItem.swift */; };
		3FF12EAE1C08560300AB04B8 /* AddTableViewController.swift in Sources */ = {isa = PBXBuildFile; fileRef = 3FF12EAD1C08560300AB04B8 /* AddTableViewController.swift */; };
		3FF12EB01C086A7F00AB04B8 /* PastTableViewController.swift in Sources */ = {isa = PBXBuildFile; fileRef = 3FF12EAF1C086A7F00AB04B8 /* PastTableViewController.swift */; };
		3FF12EB21C08794900AB04B8 /* NearbyTableViewController.swift in Sources */ = {isa = PBXBuildFile; fileRef = 3FF12EB11C08794900AB04B8 /* NearbyTableViewController.swift */; };
/* End PBXBuildFile section */

/* Begin PBXContainerItemProxy section */
		33D0970B1BF0205E00E6A3F1 /* PBXContainerItemProxy */ = {
			isa = PBXContainerItemProxy;
			containerPortal = 33D096EB1BF0205E00E6A3F1 /* Project object */;
			proxyType = 1;
			remoteGlobalIDString = 33D096F21BF0205E00E6A3F1;
			remoteInfo = Rubato;
		};
		33D097161BF0205E00E6A3F1 /* PBXContainerItemProxy */ = {
			isa = PBXContainerItemProxy;
			containerPortal = 33D096EB1BF0205E00E6A3F1 /* Project object */;
			proxyType = 1;
			remoteGlobalIDString = 33D096F21BF0205E00E6A3F1;
			remoteInfo = Rubato;
		};
/* End PBXContainerItemProxy section */

/* Begin PBXFileReference section */
		2C05D1C81C0D322000BFBDF6 /* PlaySongViewController.swift */ = {isa = PBXFileReference; fileEncoding = 4; lastKnownFileType = sourcecode.swift; path = PlaySongViewController.swift; sourceTree = "<group>"; };
		2C22B4371BFB127800949702 /* MenuController.swift */ = {isa = PBXFileReference; fileEncoding = 4; lastKnownFileType = sourcecode.swift; path = MenuController.swift; sourceTree = "<group>"; };
		2C38A33F1C0BEE33008AB09F /* SessionSongListTableViewController.swift */ = {isa = PBXFileReference; fileEncoding = 4; lastKnownFileType = sourcecode.swift; path = SessionSongListTableViewController.swift; sourceTree = "<group>"; };
		2CD188C41BFBE7B800857A47 /* SupportingFiles */ = {isa = PBXFileReference; lastKnownFileType = folder; name = SupportingFiles; path = Rubato/SupportingFiles; sourceTree = "<group>"; };
		2CD188D01BFBEC4700857A47 /* SWRevealViewController.h */ = {isa = PBXFileReference; fileEncoding = 4; lastKnownFileType = sourcecode.c.h; name = SWRevealViewController.h; path = SWRevealViewController/SWRevealViewController.h; sourceTree = "<group>"; };
		2CD188D11BFBEC4700857A47 /* SWRevealViewController.m */ = {isa = PBXFileReference; fileEncoding = 4; lastKnownFileType = sourcecode.c.objc; name = SWRevealViewController.m; path = SWRevealViewController/SWRevealViewController.m; sourceTree = "<group>"; };
		2CD40C651BFE792500C3A3BE /* HomeController.swift */ = {isa = PBXFileReference; fileEncoding = 4; lastKnownFileType = sourcecode.swift; path = HomeController.swift; sourceTree = "<group>"; };
		2CDBDF761C10119400A289F1 /* Knul-Medium.otf */ = {isa = PBXFileReference; lastKnownFileType = file; name = "Knul-Medium.otf"; path = "Rubato/SupportingFiles/Knul-Medium.otf"; sourceTree = "<group>"; };
		2CDBDF781C10119C00A289F1 /* Knul-Regular.otf */ = {isa = PBXFileReference; lastKnownFileType = file; name = "Knul-Regular.otf"; path = "Rubato/SupportingFiles/Knul-Regular.otf"; sourceTree = "<group>"; };
		2CDBDF7A1C1011A100A289F1 /* Knul-Light.otf */ = {isa = PBXFileReference; lastKnownFileType = file; name = "Knul-Light.otf"; path = "Rubato/SupportingFiles/Knul-Light.otf"; sourceTree = "<group>"; };
		331903571C11CDD90084C63B /* TheBeatlesOne.jpg */ = {isa = PBXFileReference; lastKnownFileType = image.jpeg; path = TheBeatlesOne.jpg; sourceTree = "<group>"; };
		3319035A1C11CF1E0084C63B /* Globals.swift */ = {isa = PBXFileReference; fileEncoding = 4; lastKnownFileType = sourcecode.swift; path = Globals.swift; sourceTree = "<group>"; };
		3319035C1C11CFD70084C63B /* AHardDaysNight.m4a */ = {isa = PBXFileReference; lastKnownFileType = file; path = AHardDaysNight.m4a; sourceTree = "<group>"; };
		3319035D1C11CFD70084C63B /* AllYouNeedIsLove.m4a */ = {isa = PBXFileReference; lastKnownFileType = file; path = AllYouNeedIsLove.m4a; sourceTree = "<group>"; };
		3319035E1C11CFD70084C63B /* CantBuyMeLove.m4a */ = {isa = PBXFileReference; lastKnownFileType = file; path = CantBuyMeLove.m4a; sourceTree = "<group>"; };
		3319035F1C11CFD70084C63B /* ComeTogether.m4a */ = {isa = PBXFileReference; lastKnownFileType = file; path = ComeTogether.m4a; sourceTree = "<group>"; };
		331903601C11CFD70084C63B /* DayTripper.m4a */ = {isa = PBXFileReference; lastKnownFileType = file; path = DayTripper.m4a; sourceTree = "<group>"; };
		331903611C11CFD70084C63B /* EightDaysAWeek.m4a */ = {isa = PBXFileReference; lastKnownFileType = file; path = EightDaysAWeek.m4a; sourceTree = "<group>"; };
		331903621C11CFD70084C63B /* EleanorRigby.m4a */ = {isa = PBXFileReference; lastKnownFileType = file; path = EleanorRigby.m4a; sourceTree = "<group>"; };
		331903631C11CFD70084C63B /* FromMeToYou.m4a */ = {isa = PBXFileReference; lastKnownFileType = file; path = FromMeToYou.m4a; sourceTree = "<group>"; };
		331903641C11CFD70084C63B /* GetBack.m4a */ = {isa = PBXFileReference; lastKnownFileType = file; path = GetBack.m4a; sourceTree = "<group>"; };
		331903651C11CFD70084C63B /* HelloGoodbye.m4a */ = {isa = PBXFileReference; lastKnownFileType = file; path = HelloGoodbye.m4a; sourceTree = "<group>"; };
		331903661C11CFD70084C63B /* Help.m4a */ = {isa = PBXFileReference; lastKnownFileType = file; path = Help.m4a; sourceTree = "<group>"; };
		331903671C11CFD70084C63B /* HeyJude.m4a */ = {isa = PBXFileReference; lastKnownFileType = file; path = HeyJude.m4a; sourceTree = "<group>"; };
		331903681C11CFD70084C63B /* IFeelFine.m4a */ = {isa = PBXFileReference; lastKnownFileType = file; path = IFeelFine.m4a; sourceTree = "<group>"; };
		331903691C11CFD70084C63B /* IWantToHoldYourHand.m4a */ = {isa = PBXFileReference; lastKnownFileType = file; path = IWantToHoldYourHand.m4a; sourceTree = "<group>"; };
		3319036A1C11CFD70084C63B /* LadyMadonna.m4a */ = {isa = PBXFileReference; lastKnownFileType = file; path = LadyMadonna.m4a; sourceTree = "<group>"; };
		3319036B1C11CFD70084C63B /* LetItBe.m4a */ = {isa = PBXFileReference; lastKnownFileType = file; path = LetItBe.m4a; sourceTree = "<group>"; };
		3319036C1C11CFD70084C63B /* LoveMeDo.m4a */ = {isa = PBXFileReference; lastKnownFileType = file; path = LoveMeDo.m4a; sourceTree = "<group>"; };
		3319036D1C11CFD70084C63B /* PaperbackRider.m4a */ = {isa = PBXFileReference; lastKnownFileType = file; path = PaperbackRider.m4a; sourceTree = "<group>"; };
		3319036E1C11CFD70084C63B /* PennyLane.m4a */ = {isa = PBXFileReference; lastKnownFileType = file; path = PennyLane.m4a; sourceTree = "<group>"; };
		3319036F1C11CFD70084C63B /* SheLovesYou.m4a */ = {isa = PBXFileReference; lastKnownFileType = file; path = SheLovesYou.m4a; sourceTree = "<group>"; };
		331903701C11CFD70084C63B /* Something.m4a */ = {isa = PBXFileReference; lastKnownFileType = file; path = Something.m4a; sourceTree = "<group>"; };
		331903711C11CFD70084C63B /* TheBalladOfJohnAndYoko.m4a */ = {isa = PBXFileReference; lastKnownFileType = file; path = TheBalladOfJohnAndYoko.m4a; sourceTree = "<group>"; };
		331903721C11CFD70084C63B /* TheLongAndWindingRoad.m4a */ = {isa = PBXFileReference; lastKnownFileType = file; path = TheLongAndWindingRoad.m4a; sourceTree = "<group>"; };
		331903731C11CFD70084C63B /* TicketToRide.m4a */ = {isa = PBXFileReference; lastKnownFileType = file; path = TicketToRide.m4a; sourceTree = "<group>"; };
		331903741C11CFD70084C63B /* WeCanWorkItOut.m4a */ = {isa = PBXFileReference; lastKnownFileType = file; path = WeCanWorkItOut.m4a; sourceTree = "<group>"; };
		331903751C11CFD70084C63B /* YellowSubmarine.m4a */ = {isa = PBXFileReference; lastKnownFileType = file; path = YellowSubmarine.m4a; sourceTree = "<group>"; };
		331903761C11CFD70084C63B /* Yesterday.m4a */ = {isa = PBXFileReference; lastKnownFileType = file; path = Yesterday.m4a; sourceTree = "<group>"; };
		331903921C11E0380084C63B /* downvote.png */ = {isa = PBXFileReference; lastKnownFileType = image.png; path = downvote.png; sourceTree = "<group>"; };
		331903941C11E0EB0084C63B /* likeDeactivated.png */ = {isa = PBXFileReference; lastKnownFileType = image.png; path = likeDeactivated.png; sourceTree = "<group>"; };
		331903961C11E0F30084C63B /* likeActivated.png */ = {isa = PBXFileReference; lastKnownFileType = image.png; path = likeActivated.png; sourceTree = "<group>"; };
		331903981C11E43F0084C63B /* TestViewControllerPast.swift */ = {isa = PBXFileReference; fileEncoding = 4; lastKnownFileType = sourcecode.swift; path = TestViewControllerPast.swift; sourceTree = "<group>"; };
		3319039A1C11EDFE0084C63B /* Peter.jpg */ = {isa = PBXFileReference; lastKnownFileType = image.jpeg; path = Peter.jpg; sourceTree = "<group>"; };
		331903A01C1207150084C63B /* TestViewControllerJoined.swift */ = {isa = PBXFileReference; fileEncoding = 4; lastKnownFileType = sourcecode.swift; path = TestViewControllerJoined.swift; sourceTree = "<group>"; };
		334F45881BFD9AFD00AC6878 /* Rubato-Bridging-Header.h */ = {isa = PBXFileReference; fileEncoding = 4; lastKnownFileType = sourcecode.c.h; path = "Rubato-Bridging-Header.h"; sourceTree = "<group>"; };
		3384C5F51C054D9F009DCC71 /* Song1.m4a */ = {isa = PBXFileReference; lastKnownFileType = file; path = Song1.m4a; sourceTree = "<group>"; };
		3384C5F71C054DE4009DCC71 /* Song2.m4a */ = {isa = PBXFileReference; lastKnownFileType = file; path = Song2.m4a; sourceTree = "<group>"; };
		3384C5F91C054DF8009DCC71 /* Song3.m4a */ = {isa = PBXFileReference; lastKnownFileType = file; path = Song3.m4a; sourceTree = "<group>"; };
		3384C5FB1C0550D1009DCC71 /* JoinViewController.swift */ = {isa = PBXFileReference; fileEncoding = 4; lastKnownFileType = sourcecode.swift; path = JoinViewController.swift; sourceTree = "<group>"; };
		3384C5FD1C0552C7009DCC71 /* SessionViewController.swift */ = {isa = PBXFileReference; fileEncoding = 4; lastKnownFileType = sourcecode.swift; path = SessionViewController.swift; sourceTree = "<group>"; };
		33D096F31BF0205E00E6A3F1 /* Rubato.app */ = {isa = PBXFileReference; explicitFileType = wrapper.application; includeInIndex = 0; path = Rubato.app; sourceTree = BUILT_PRODUCTS_DIR; };
		33D096F61BF0205E00E6A3F1 /* AppDelegate.swift */ = {isa = PBXFileReference; lastKnownFileType = sourcecode.swift; path = AppDelegate.swift; sourceTree = "<group>"; };
		33D096F81BF0205E00E6A3F1 /* ViewController.swift */ = {isa = PBXFileReference; lastKnownFileType = sourcecode.swift; path = ViewController.swift; sourceTree = "<group>"; };
		33D096FB1BF0205E00E6A3F1 /* Base */ = {isa = PBXFileReference; lastKnownFileType = file.storyboard; name = Base; path = Base.lproj/Main.storyboard; sourceTree = "<group>"; };
		33D096FE1BF0205E00E6A3F1 /* Rubato.xcdatamodel */ = {isa = PBXFileReference; lastKnownFileType = wrapper.xcdatamodel; path = Rubato.xcdatamodel; sourceTree = "<group>"; };
		33D097001BF0205E00E6A3F1 /* Images.xcassets */ = {isa = PBXFileReference; lastKnownFileType = folder.assetcatalog; path = Images.xcassets; sourceTree = "<group>"; };
		33D097031BF0205E00E6A3F1 /* Base */ = {isa = PBXFileReference; lastKnownFileType = file.storyboard; name = Base; path = Base.lproj/LaunchScreen.storyboard; sourceTree = "<group>"; };
		33D097051BF0205E00E6A3F1 /* Info.plist */ = {isa = PBXFileReference; lastKnownFileType = text.plist.xml; path = Info.plist; sourceTree = "<group>"; };
		33D0970A1BF0205E00E6A3F1 /* RubatoTests.xctest */ = {isa = PBXFileReference; explicitFileType = wrapper.cfbundle; includeInIndex = 0; path = RubatoTests.xctest; sourceTree = BUILT_PRODUCTS_DIR; };
		33D0970E1BF0205E00E6A3F1 /* RubatoTests.swift */ = {isa = PBXFileReference; lastKnownFileType = sourcecode.swift; path = RubatoTests.swift; sourceTree = "<group>"; };
		33D097101BF0205E00E6A3F1 /* Info.plist */ = {isa = PBXFileReference; lastKnownFileType = text.plist.xml; path = Info.plist; sourceTree = "<group>"; };
		33D097151BF0205E00E6A3F1 /* RubatoUITests.xctest */ = {isa = PBXFileReference; explicitFileType = wrapper.cfbundle; includeInIndex = 0; path = RubatoUITests.xctest; sourceTree = BUILT_PRODUCTS_DIR; };
		33D097191BF0205E00E6A3F1 /* RubatoUITests.swift */ = {isa = PBXFileReference; lastKnownFileType = sourcecode.swift; path = RubatoUITests.swift; sourceTree = "<group>"; };
		33D0971B1BF0205E00E6A3F1 /* Info.plist */ = {isa = PBXFileReference; lastKnownFileType = text.plist.xml; path = Info.plist; sourceTree = "<group>"; };
		33ED9D721BFD8C8400BF5AD9 /* Spotify.framework */ = {isa = PBXFileReference; lastKnownFileType = wrapper.framework; path = Spotify.framework; sourceTree = "<group>"; };
		33ED9D741BFD8F0F00BF5AD9 /* AVFoundation.framework */ = {isa = PBXFileReference; lastKnownFileType = wrapper.framework; name = AVFoundation.framework; path = System/Library/Frameworks/AVFoundation.framework; sourceTree = SDKROOT; };
		33ED9D761BFD8F2900BF5AD9 /* SystemConfiguration.framework */ = {isa = PBXFileReference; lastKnownFileType = wrapper.framework; name = SystemConfiguration.framework; path = System/Library/Frameworks/SystemConfiguration.framework; sourceTree = SDKROOT; };
		3F22143A1C0FB14D00FAB3D9 /* EmbededTableViewController.swift */ = {isa = PBXFileReference; fileEncoding = 4; lastKnownFileType = sourcecode.swift; path = EmbededTableViewController.swift; sourceTree = "<group>"; };
		3F3952131BFD7A2C0035F5EE /* CreateSessionController.swift */ = {isa = PBXFileReference; fileEncoding = 4; lastKnownFileType = sourcecode.swift; path = CreateSessionController.swift; sourceTree = "<group>"; };
		3FF12EA11C081E8500AB04B8 /* HomeViewController.swift */ = {isa = PBXFileReference; fileEncoding = 4; lastKnownFileType = sourcecode.swift; path = HomeViewController.swift; sourceTree = "<group>"; };
		3FF12EA31C08218500AB04B8 /* JoinTableViewController.swift */ = {isa = PBXFileReference; fileEncoding = 4; lastKnownFileType = sourcecode.swift; path = JoinTableViewController.swift; sourceTree = "<group>"; };
		3FF12EA51C08222700AB04B8 /* CreateViewController.swift */ = {isa = PBXFileReference; fileEncoding = 4; lastKnownFileType = sourcecode.swift; path = CreateViewController.swift; sourceTree = "<group>"; };
		3FF12EA71C08240A00AB04B8 /* TestViewController.swift */ = {isa = PBXFileReference; fileEncoding = 4; lastKnownFileType = sourcecode.swift; path = TestViewController.swift; sourceTree = "<group>"; };
		3FF12EAB1C08530A00AB04B8 /* SongItem.swift */ = {isa = PBXFileReference; fileEncoding = 4; lastKnownFileType = sourcecode.swift; path = SongItem.swift; sourceTree = "<group>"; };
		3FF12EAD1C08560300AB04B8 /* AddTableViewController.swift */ = {isa = PBXFileReference; fileEncoding = 4; lastKnownFileType = sourcecode.swift; path = AddTableViewController.swift; sourceTree = "<group>"; };
		3FF12EAF1C086A7F00AB04B8 /* PastTableViewController.swift */ = {isa = PBXFileReference; fileEncoding = 4; lastKnownFileType = sourcecode.swift; path = PastTableViewController.swift; sourceTree = "<group>"; };
		3FF12EB11C08794900AB04B8 /* NearbyTableViewController.swift */ = {isa = PBXFileReference; fileEncoding = 4; lastKnownFileType = sourcecode.swift; path = NearbyTableViewController.swift; sourceTree = "<group>"; };
/* End PBXFileReference section */

/* Begin PBXFrameworksBuildPhase section */
		33D096F01BF0205E00E6A3F1 /* Frameworks */ = {
			isa = PBXFrameworksBuildPhase;
			buildActionMask = 2147483647;
			files = (
				33ED9D771BFD8F2900BF5AD9 /* SystemConfiguration.framework in Frameworks */,
				33ED9D751BFD8F0F00BF5AD9 /* AVFoundation.framework in Frameworks */,
				33ED9D731BFD8C8400BF5AD9 /* Spotify.framework in Frameworks */,
			);
			runOnlyForDeploymentPostprocessing = 0;
		};
		33D097071BF0205E00E6A3F1 /* Frameworks */ = {
			isa = PBXFrameworksBuildPhase;
			buildActionMask = 2147483647;
			files = (
			);
			runOnlyForDeploymentPostprocessing = 0;
		};
		33D097121BF0205E00E6A3F1 /* Frameworks */ = {
			isa = PBXFrameworksBuildPhase;
			buildActionMask = 2147483647;
			files = (
			);
			runOnlyForDeploymentPostprocessing = 0;
		};
/* End PBXFrameworksBuildPhase section */

/* Begin PBXGroup section */
		2CD188CE1BFBEC0F00857A47 /* SWRevealViewController */ = {
			isa = PBXGroup;
			children = (
				334F45881BFD9AFD00AC6878 /* Rubato-Bridging-Header.h */,
				2CD188D01BFBEC4700857A47 /* SWRevealViewController.h */,
				2CD188D11BFBEC4700857A47 /* SWRevealViewController.m */,
			);
			name = SWRevealViewController;
			sourceTree = "<group>";
		};
		3384C5F41C054D90009DCC71 /* Songs */ = {
			isa = PBXGroup;
			children = (
				3319035C1C11CFD70084C63B /* AHardDaysNight.m4a */,
				3319035D1C11CFD70084C63B /* AllYouNeedIsLove.m4a */,
				3319035E1C11CFD70084C63B /* CantBuyMeLove.m4a */,
				3319035F1C11CFD70084C63B /* ComeTogether.m4a */,
				331903601C11CFD70084C63B /* DayTripper.m4a */,
				331903611C11CFD70084C63B /* EightDaysAWeek.m4a */,
				331903621C11CFD70084C63B /* EleanorRigby.m4a */,
				331903631C11CFD70084C63B /* FromMeToYou.m4a */,
				331903641C11CFD70084C63B /* GetBack.m4a */,
				331903651C11CFD70084C63B /* HelloGoodbye.m4a */,
				331903661C11CFD70084C63B /* Help.m4a */,
				331903671C11CFD70084C63B /* HeyJude.m4a */,
				331903681C11CFD70084C63B /* IFeelFine.m4a */,
				331903691C11CFD70084C63B /* IWantToHoldYourHand.m4a */,
				3319036A1C11CFD70084C63B /* LadyMadonna.m4a */,
				3319036B1C11CFD70084C63B /* LetItBe.m4a */,
				3319036C1C11CFD70084C63B /* LoveMeDo.m4a */,
				3319036D1C11CFD70084C63B /* PaperbackRider.m4a */,
				3319036E1C11CFD70084C63B /* PennyLane.m4a */,
				3319036F1C11CFD70084C63B /* SheLovesYou.m4a */,
				331903701C11CFD70084C63B /* Something.m4a */,
				331903711C11CFD70084C63B /* TheBalladOfJohnAndYoko.m4a */,
				331903721C11CFD70084C63B /* TheLongAndWindingRoad.m4a */,
				331903731C11CFD70084C63B /* TicketToRide.m4a */,
				331903741C11CFD70084C63B /* WeCanWorkItOut.m4a */,
				331903751C11CFD70084C63B /* YellowSubmarine.m4a */,
				331903761C11CFD70084C63B /* Yesterday.m4a */,
				3384C5F91C054DF8009DCC71 /* Song3.m4a */,
				3384C5F71C054DE4009DCC71 /* Song2.m4a */,
				3384C5F51C054D9F009DCC71 /* Song1.m4a */,
			);
			name = Songs;
			sourceTree = "<group>";
		};
		33D096EA1BF0205E00E6A3F1 = {
			isa = PBXGroup;
			children = (
				2CDBDF761C10119400A289F1 /* Knul-Medium.otf */,
				2CDBDF781C10119C00A289F1 /* Knul-Regular.otf */,
				2CDBDF7A1C1011A100A289F1 /* Knul-Light.otf */,
				2CD188C41BFBE7B800857A47 /* SupportingFiles */,
				33ED9D761BFD8F2900BF5AD9 /* SystemConfiguration.framework */,
				33ED9D741BFD8F0F00BF5AD9 /* AVFoundation.framework */,
				33D096F51BF0205E00E6A3F1 /* Rubato */,
				33D0970D1BF0205E00E6A3F1 /* RubatoTests */,
				33D097181BF0205E00E6A3F1 /* RubatoUITests */,
				33D096F41BF0205E00E6A3F1 /* Products */,
			);
			sourceTree = "<group>";
		};
		33D096F41BF0205E00E6A3F1 /* Products */ = {
			isa = PBXGroup;
			children = (
				33D096F31BF0205E00E6A3F1 /* Rubato.app */,
				33D0970A1BF0205E00E6A3F1 /* RubatoTests.xctest */,
				33D097151BF0205E00E6A3F1 /* RubatoUITests.xctest */,
			);
			name = Products;
			sourceTree = "<group>";
		};
		33D096F51BF0205E00E6A3F1 /* Rubato */ = {
			isa = PBXGroup;
			children = (
				3384C5F41C054D90009DCC71 /* Songs */,
				2CD40C651BFE792500C3A3BE /* HomeController.swift */,
				33ED9D721BFD8C8400BF5AD9 /* Spotify.framework */,
				2CD188CE1BFBEC0F00857A47 /* SWRevealViewController */,
				2C22B4371BFB127800949702 /* MenuController.swift */,
				33D096F61BF0205E00E6A3F1 /* AppDelegate.swift */,
				33D096F81BF0205E00E6A3F1 /* ViewController.swift */,
				33D096FA1BF0205E00E6A3F1 /* Main.storyboard */,
				3F22143A1C0FB14D00FAB3D9 /* EmbededTableViewController.swift */,
				2C05D1C81C0D322000BFBDF6 /* PlaySongViewController.swift */,
				2C38A33F1C0BEE33008AB09F /* SessionSongListTableViewController.swift */,
				331903921C11E0380084C63B /* downvote.png */,
				331903941C11E0EB0084C63B /* likeDeactivated.png */,
				3FF12EB11C08794900AB04B8 /* NearbyTableViewController.swift */,
				3FF12EAF1C086A7F00AB04B8 /* PastTableViewController.swift */,
				3FF12EAD1C08560300AB04B8 /* AddTableViewController.swift */,
				331903961C11E0F30084C63B /* likeActivated.png */,
				3FF12EAB1C08530A00AB04B8 /* SongItem.swift */,
				3319039A1C11EDFE0084C63B /* Peter.jpg */,
				3FF12EA71C08240A00AB04B8 /* TestViewController.swift */,
				331903981C11E43F0084C63B /* TestViewControllerPast.swift */,
				331903A01C1207150084C63B /* TestViewControllerJoined.swift */,
				3FF12EA11C081E8500AB04B8 /* HomeViewController.swift */,
				3FF12EA31C08218500AB04B8 /* JoinTableViewController.swift */,
				3FF12EA51C08222700AB04B8 /* CreateViewController.swift */,
				3F3952131BFD7A2C0035F5EE /* CreateSessionController.swift */,
				33D097001BF0205E00E6A3F1 /* Images.xcassets */,
				331903571C11CDD90084C63B /* TheBeatlesOne.jpg */,
				33D097051BF0205E00E6A3F1 /* Info.plist */,
				33D097021BF0205E00E6A3F1 /* LaunchScreen.storyboard */,
				33D096FD1BF0205E00E6A3F1 /* Rubato.xcdatamodeld */,
				3384C5FB1C0550D1009DCC71 /* JoinViewController.swift */,
				3384C5FD1C0552C7009DCC71 /* SessionViewController.swift */,
				3319035A1C11CF1E0084C63B /* Globals.swift */,
			);
			path = Rubato;
			sourceTree = "<group>";
		};
		33D0970D1BF0205E00E6A3F1 /* RubatoTests */ = {
			isa = PBXGroup;
			children = (
				33D0970E1BF0205E00E6A3F1 /* RubatoTests.swift */,
				33D097101BF0205E00E6A3F1 /* Info.plist */,
			);
			path = RubatoTests;
			sourceTree = "<group>";
		};
		33D097181BF0205E00E6A3F1 /* RubatoUITests */ = {
			isa = PBXGroup;
			children = (
				33D097191BF0205E00E6A3F1 /* RubatoUITests.swift */,
				33D0971B1BF0205E00E6A3F1 /* Info.plist */,
			);
			path = RubatoUITests;
			sourceTree = "<group>";
		};
/* End PBXGroup section */

/* Begin PBXNativeTarget section */
		33D096F21BF0205E00E6A3F1 /* Rubato */ = {
			isa = PBXNativeTarget;
			buildConfigurationList = 33D0971E1BF0205E00E6A3F1 /* Build configuration list for PBXNativeTarget "Rubato" */;
			buildPhases = (
				33D096EF1BF0205E00E6A3F1 /* Sources */,
				33D096F01BF0205E00E6A3F1 /* Frameworks */,
				33D096F11BF0205E00E6A3F1 /* Resources */,
			);
			buildRules = (
			);
			dependencies = (
			);
			name = Rubato;
			productName = Rubato;
			productReference = 33D096F31BF0205E00E6A3F1 /* Rubato.app */;
			productType = "com.apple.product-type.application";
		};
		33D097091BF0205E00E6A3F1 /* RubatoTests */ = {
			isa = PBXNativeTarget;
			buildConfigurationList = 33D097211BF0205E00E6A3F1 /* Build configuration list for PBXNativeTarget "RubatoTests" */;
			buildPhases = (
				33D097061BF0205E00E6A3F1 /* Sources */,
				33D097071BF0205E00E6A3F1 /* Frameworks */,
				33D097081BF0205E00E6A3F1 /* Resources */,
			);
			buildRules = (
			);
			dependencies = (
				33D0970C1BF0205E00E6A3F1 /* PBXTargetDependency */,
			);
			name = RubatoTests;
			productName = RubatoTests;
			productReference = 33D0970A1BF0205E00E6A3F1 /* RubatoTests.xctest */;
			productType = "com.apple.product-type.bundle.unit-test";
		};
		33D097141BF0205E00E6A3F1 /* RubatoUITests */ = {
			isa = PBXNativeTarget;
			buildConfigurationList = 33D097241BF0205E00E6A3F1 /* Build configuration list for PBXNativeTarget "RubatoUITests" */;
			buildPhases = (
				33D097111BF0205E00E6A3F1 /* Sources */,
				33D097121BF0205E00E6A3F1 /* Frameworks */,
				33D097131BF0205E00E6A3F1 /* Resources */,
			);
			buildRules = (
			);
			dependencies = (
				33D097171BF0205E00E6A3F1 /* PBXTargetDependency */,
			);
			name = RubatoUITests;
			productName = RubatoUITests;
			productReference = 33D097151BF0205E00E6A3F1 /* RubatoUITests.xctest */;
			productType = "com.apple.product-type.bundle.ui-testing";
		};
/* End PBXNativeTarget section */

/* Begin PBXProject section */
		33D096EB1BF0205E00E6A3F1 /* Project object */ = {
			isa = PBXProject;
			attributes = {
				LastSwiftUpdateCheck = 0710;
				LastUpgradeCheck = 0710;
				ORGANIZATIONNAME = "Peter Washington";
				TargetAttributes = {
					33D096F21BF0205E00E6A3F1 = {
						CreatedOnToolsVersion = 7.1;
						DevelopmentTeam = UAEE9K4M9H;
					};
					33D097091BF0205E00E6A3F1 = {
						CreatedOnToolsVersion = 7.1;
						TestTargetID = 33D096F21BF0205E00E6A3F1;
					};
					33D097141BF0205E00E6A3F1 = {
						CreatedOnToolsVersion = 7.1;
						TestTargetID = 33D096F21BF0205E00E6A3F1;
					};
				};
			};
			buildConfigurationList = 33D096EE1BF0205E00E6A3F1 /* Build configuration list for PBXProject "Rubato" */;
			compatibilityVersion = "Xcode 3.2";
			developmentRegion = English;
			hasScannedForEncodings = 0;
			knownRegions = (
				en,
				Base,
			);
			mainGroup = 33D096EA1BF0205E00E6A3F1;
			productRefGroup = 33D096F41BF0205E00E6A3F1 /* Products */;
			projectDirPath = "";
			projectRoot = "";
			targets = (
				33D096F21BF0205E00E6A3F1 /* Rubato */,
				33D097091BF0205E00E6A3F1 /* RubatoTests */,
				33D097141BF0205E00E6A3F1 /* RubatoUITests */,
			);
		};
/* End PBXProject section */

/* Begin PBXResourcesBuildPhase section */
		33D096F11BF0205E00E6A3F1 /* Resources */ = {
			isa = PBXResourcesBuildPhase;
			buildActionMask = 2147483647;
			files = (
				331903881C11CFD70084C63B /* PaperbackRider.m4a in Resources */,
				331903911C11CFD70084C63B /* Yesterday.m4a in Resources */,
				2CDBDF7B1C1011A100A289F1 /* Knul-Light.otf in Resources */,
				331903771C11CFD70084C63B /* AHardDaysNight.m4a in Resources */,
				3319038E1C11CFD70084C63B /* TicketToRide.m4a in Resources */,
				3319037B1C11CFD70084C63B /* DayTripper.m4a in Resources */,
				3319039B1C11EDFE0084C63B /* Peter.jpg in Resources */,
				331903821C11CFD70084C63B /* HeyJude.m4a in Resources */,
				3384C5FA1C054DF8009DCC71 /* Song3.m4a in Resources */,
				3319037F1C11CFD70084C63B /* GetBack.m4a in Resources */,
				331903951C11E0EB0084C63B /* likeDeactivated.png in Resources */,
				3319037C1C11CFD70084C63B /* EightDaysAWeek.m4a in Resources */,
				2CD188C51BFBE7B800857A47 /* SupportingFiles in Resources */,
				33D097041BF0205E00E6A3F1 /* LaunchScreen.storyboard in Resources */,
				331903971C11E0F30084C63B /* likeActivated.png in Resources */,
				331903851C11CFD70084C63B /* LadyMadonna.m4a in Resources */,
				3319038F1C11CFD70084C63B /* WeCanWorkItOut.m4a in Resources */,
				3319038B1C11CFD70084C63B /* Something.m4a in Resources */,
				331903841C11CFD70084C63B /* IWantToHoldYourHand.m4a in Resources */,
				3319037A1C11CFD70084C63B /* ComeTogether.m4a in Resources */,
				331903891C11CFD70084C63B /* PennyLane.m4a in Resources */,
				331903581C11CDD90084C63B /* TheBeatlesOne.jpg in Resources */,
				331903781C11CFD70084C63B /* AllYouNeedIsLove.m4a in Resources */,
				331903811C11CFD70084C63B /* Help.m4a in Resources */,
				331903861C11CFD70084C63B /* LetItBe.m4a in Resources */,
				3319038A1C11CFD70084C63B /* SheLovesYou.m4a in Resources */,
				33D097011BF0205E00E6A3F1 /* Images.xcassets in Resources */,
				3319038D1C11CFD70084C63B /* TheLongAndWindingRoad.m4a in Resources */,
				33D096FC1BF0205E00E6A3F1 /* Main.storyboard in Resources */,
				331903901C11CFD70084C63B /* YellowSubmarine.m4a in Resources */,
				331903791C11CFD70084C63B /* CantBuyMeLove.m4a in Resources */,
				3319038C1C11CFD70084C63B /* TheBalladOfJohnAndYoko.m4a in Resources */,
				331903931C11E0380084C63B /* downvote.png in Resources */,
				331903871C11CFD70084C63B /* LoveMeDo.m4a in Resources */,
				2CDBDF791C10119C00A289F1 /* Knul-Regular.otf in Resources */,
				3384C5F61C054D9F009DCC71 /* Song1.m4a in Resources */,
				2CDBDF771C10119400A289F1 /* Knul-Medium.otf in Resources */,
				3384C5F81C054DE4009DCC71 /* Song2.m4a in Resources */,
				331903831C11CFD70084C63B /* IFeelFine.m4a in Resources */,
				3319037E1C11CFD70084C63B /* FromMeToYou.m4a in Resources */,
				331903801C11CFD70084C63B /* HelloGoodbye.m4a in Resources */,
				3319037D1C11CFD70084C63B /* EleanorRigby.m4a in Resources */,
			);
			runOnlyForDeploymentPostprocessing = 0;
		};
		33D097081BF0205E00E6A3F1 /* Resources */ = {
			isa = PBXResourcesBuildPhase;
			buildActionMask = 2147483647;
			files = (
			);
			runOnlyForDeploymentPostprocessing = 0;
		};
		33D097131BF0205E00E6A3F1 /* Resources */ = {
			isa = PBXResourcesBuildPhase;
			buildActionMask = 2147483647;
			files = (
			);
			runOnlyForDeploymentPostprocessing = 0;
		};
/* End PBXResourcesBuildPhase section */

/* Begin PBXSourcesBuildPhase section */
		33D096EF1BF0205E00E6A3F1 /* Sources */ = {
			isa = PBXSourcesBuildPhase;
			buildActionMask = 2147483647;
			files = (
				2C22B4381BFB127800949702 /* MenuController.swift in Sources */,
				33D096F91BF0205E00E6A3F1 /* ViewController.swift in Sources */,
				3384C5FC1C0550D1009DCC71 /* JoinViewController.swift in Sources */,
				2C38A3401C0BEE34008AB09F /* SessionSongListTableViewController.swift in Sources */,
				2C05D1C91C0D322000BFBDF6 /* PlaySongViewController.swift in Sources */,
				3319035B1C11CF1E0084C63B /* Globals.swift in Sources */,
				3384C5FE1C0552C7009DCC71 /* SessionViewController.swift in Sources */,
				2CD40C661BFE792500C3A3BE /* HomeController.swift in Sources */,
				331903991C11E43F0084C63B /* TestViewControllerPast.swift in Sources */,
				3FF12EA81C08240A00AB04B8 /* TestViewController.swift in Sources */,
				3F22143B1C0FB14D00FAB3D9 /* EmbededTableViewController.swift in Sources */,
				331903A11C1207150084C63B /* TestViewControllerJoined.swift in Sources */,
				3FF12EA21C081E8500AB04B8 /* HomeViewController.swift in Sources */,
				3FF12EB01C086A7F00AB04B8 /* PastTableViewController.swift in Sources */,
				2CD188D21BFBEC4700857A47 /* SWRevealViewController.m in Sources */,
				3FF12EA41C08218500AB04B8 /* JoinTableViewController.swift in Sources */,
				3FF12EAC1C08530A00AB04B8 /* SongItem.swift in Sources */,
				3FF12EA61C08222700AB04B8 /* CreateViewController.swift in Sources */,
				33D096FF1BF0205E00E6A3F1 /* Rubato.xcdatamodeld in Sources */,
				3F3952141BFD7A2C0035F5EE /* CreateSessionController.swift in Sources */,
				33D096F71BF0205E00E6A3F1 /* AppDelegate.swift in Sources */,
				3FF12EAE1C08560300AB04B8 /* AddTableViewController.swift in Sources */,
				3FF12EB21C08794900AB04B8 /* NearbyTableViewController.swift in Sources */,
			);
			runOnlyForDeploymentPostprocessing = 0;
		};
		33D097061BF0205E00E6A3F1 /* Sources */ = {
			isa = PBXSourcesBuildPhase;
			buildActionMask = 2147483647;
			files = (
				33D0970F1BF0205E00E6A3F1 /* RubatoTests.swift in Sources */,
			);
			runOnlyForDeploymentPostprocessing = 0;
		};
		33D097111BF0205E00E6A3F1 /* Sources */ = {
			isa = PBXSourcesBuildPhase;
			buildActionMask = 2147483647;
			files = (
				33D0971A1BF0205E00E6A3F1 /* RubatoUITests.swift in Sources */,
			);
			runOnlyForDeploymentPostprocessing = 0;
		};
/* End PBXSourcesBuildPhase section */

/* Begin PBXTargetDependency section */
		33D0970C1BF0205E00E6A3F1 /* PBXTargetDependency */ = {
			isa = PBXTargetDependency;
			target = 33D096F21BF0205E00E6A3F1 /* Rubato */;
			targetProxy = 33D0970B1BF0205E00E6A3F1 /* PBXContainerItemProxy */;
		};
		33D097171BF0205E00E6A3F1 /* PBXTargetDependency */ = {
			isa = PBXTargetDependency;
			target = 33D096F21BF0205E00E6A3F1 /* Rubato */;
			targetProxy = 33D097161BF0205E00E6A3F1 /* PBXContainerItemProxy */;
		};
/* End PBXTargetDependency section */

/* Begin PBXVariantGroup section */
		33D096FA1BF0205E00E6A3F1 /* Main.storyboard */ = {
			isa = PBXVariantGroup;
			children = (
				33D096FB1BF0205E00E6A3F1 /* Base */,
			);
			name = Main.storyboard;
			sourceTree = "<group>";
		};
		33D097021BF0205E00E6A3F1 /* LaunchScreen.storyboard */ = {
			isa = PBXVariantGroup;
			children = (
				33D097031BF0205E00E6A3F1 /* Base */,
			);
			name = LaunchScreen.storyboard;
			sourceTree = "<group>";
		};
/* End PBXVariantGroup section */

/* Begin XCBuildConfiguration section */
		33D0971C1BF0205E00E6A3F1 /* Debug */ = {
			isa = XCBuildConfiguration;
			buildSettings = {
				ALWAYS_SEARCH_USER_PATHS = NO;
				CLANG_CXX_LANGUAGE_STANDARD = "gnu++0x";
				CLANG_CXX_LIBRARY = "libc++";
				CLANG_ENABLE_MODULES = YES;
				CLANG_ENABLE_OBJC_ARC = YES;
				CLANG_WARN_BOOL_CONVERSION = YES;
				CLANG_WARN_CONSTANT_CONVERSION = YES;
				CLANG_WARN_DIRECT_OBJC_ISA_USAGE = YES_ERROR;
				CLANG_WARN_EMPTY_BODY = YES;
				CLANG_WARN_ENUM_CONVERSION = YES;
				CLANG_WARN_INT_CONVERSION = YES;
				CLANG_WARN_OBJC_ROOT_CLASS = YES_ERROR;
				CLANG_WARN_UNREACHABLE_CODE = YES;
				CLANG_WARN__DUPLICATE_METHOD_MATCH = YES;
				"CODE_SIGN_IDENTITY[sdk=iphoneos*]" = "iPhone Developer";
				COPY_PHASE_STRIP = NO;
				DEBUG_INFORMATION_FORMAT = dwarf;
				ENABLE_STRICT_OBJC_MSGSEND = YES;
				ENABLE_TESTABILITY = YES;
				GCC_C_LANGUAGE_STANDARD = gnu99;
				GCC_DYNAMIC_NO_PIC = NO;
				GCC_NO_COMMON_BLOCKS = YES;
				GCC_OPTIMIZATION_LEVEL = 0;
				GCC_PREPROCESSOR_DEFINITIONS = (
					"DEBUG=1",
					"$(inherited)",
				);
				GCC_WARN_64_TO_32_BIT_CONVERSION = YES;
				GCC_WARN_ABOUT_RETURN_TYPE = YES_ERROR;
				GCC_WARN_UNDECLARED_SELECTOR = YES;
				GCC_WARN_UNINITIALIZED_AUTOS = YES_AGGRESSIVE;
				GCC_WARN_UNUSED_FUNCTION = YES;
				GCC_WARN_UNUSED_VARIABLE = YES;
				IPHONEOS_DEPLOYMENT_TARGET = 9.1;
				MTL_ENABLE_DEBUG_INFO = YES;
				ONLY_ACTIVE_ARCH = YES;
				SDKROOT = iphoneos;
				SWIFT_OPTIMIZATION_LEVEL = "-Onone";
				TARGETED_DEVICE_FAMILY = "1,2";
			};
			name = Debug;
		};
		33D0971D1BF0205E00E6A3F1 /* Release */ = {
			isa = XCBuildConfiguration;
			buildSettings = {
				ALWAYS_SEARCH_USER_PATHS = NO;
				CLANG_CXX_LANGUAGE_STANDARD = "gnu++0x";
				CLANG_CXX_LIBRARY = "libc++";
				CLANG_ENABLE_MODULES = YES;
				CLANG_ENABLE_OBJC_ARC = YES;
				CLANG_WARN_BOOL_CONVERSION = YES;
				CLANG_WARN_CONSTANT_CONVERSION = YES;
				CLANG_WARN_DIRECT_OBJC_ISA_USAGE = YES_ERROR;
				CLANG_WARN_EMPTY_BODY = YES;
				CLANG_WARN_ENUM_CONVERSION = YES;
				CLANG_WARN_INT_CONVERSION = YES;
				CLANG_WARN_OBJC_ROOT_CLASS = YES_ERROR;
				CLANG_WARN_UNREACHABLE_CODE = YES;
				CLANG_WARN__DUPLICATE_METHOD_MATCH = YES;
				"CODE_SIGN_IDENTITY[sdk=iphoneos*]" = "iPhone Developer";
				COPY_PHASE_STRIP = NO;
				DEBUG_INFORMATION_FORMAT = "dwarf-with-dsym";
				ENABLE_NS_ASSERTIONS = NO;
				ENABLE_STRICT_OBJC_MSGSEND = YES;
				GCC_C_LANGUAGE_STANDARD = gnu99;
				GCC_NO_COMMON_BLOCKS = YES;
				GCC_WARN_64_TO_32_BIT_CONVERSION = YES;
				GCC_WARN_ABOUT_RETURN_TYPE = YES_ERROR;
				GCC_WARN_UNDECLARED_SELECTOR = YES;
				GCC_WARN_UNINITIALIZED_AUTOS = YES_AGGRESSIVE;
				GCC_WARN_UNUSED_FUNCTION = YES;
				GCC_WARN_UNUSED_VARIABLE = YES;
				IPHONEOS_DEPLOYMENT_TARGET = 9.1;
				MTL_ENABLE_DEBUG_INFO = NO;
				SDKROOT = iphoneos;
				TARGETED_DEVICE_FAMILY = "1,2";
				VALIDATE_PRODUCT = YES;
			};
			name = Release;
		};
		33D0971F1BF0205E00E6A3F1 /* Debug */ = {
			isa = XCBuildConfiguration;
			buildSettings = {
				ASSETCATALOG_COMPILER_APPICON_NAME = AppIcon;
				CLANG_ENABLE_MODULES = YES;
				CODE_SIGN_IDENTITY = "iPhone Developer";
				"CODE_SIGN_IDENTITY[sdk=iphoneos*]" = "iPhone Developer";
				ENABLE_BITCODE = NO;
				FRAMEWORK_SEARCH_PATHS = (
					"$(inherited)",
					"$(PROJECT_DIR)/Rubato",
				);
				INFOPLIST_FILE = Rubato/Info.plist;
				LD_RUNPATH_SEARCH_PATHS = "$(inherited) @executable_path/Frameworks";
				"OTHER_LDFLAGS[arch=*]" = "-ObjC";
				PRODUCT_BUNDLE_IDENTIFIER = com.cs147.Rubato;
				PRODUCT_NAME = "$(TARGET_NAME)";
				PROVISIONING_PROFILE = "";
				SWIFT_OBJC_BRIDGING_HEADER = "Rubato/Rubato-Bridging-Header.h";
				SWIFT_OPTIMIZATION_LEVEL = "-Onone";
			};
			name = Debug;
		};
		33D097201BF0205E00E6A3F1 /* Release */ = {
			isa = XCBuildConfiguration;
			buildSettings = {
				ASSETCATALOG_COMPILER_APPICON_NAME = AppIcon;
				CLANG_ENABLE_MODULES = YES;
				CODE_SIGN_IDENTITY = "iPhone Developer";
				"CODE_SIGN_IDENTITY[sdk=iphoneos*]" = "iPhone Developer";
				ENABLE_BITCODE = NO;
				FRAMEWORK_SEARCH_PATHS = (
					"$(inherited)",
					"$(PROJECT_DIR)/Rubato",
				);
				INFOPLIST_FILE = Rubato/Info.plist;
				LD_RUNPATH_SEARCH_PATHS = "$(inherited) @executable_path/Frameworks";
				"OTHER_LDFLAGS[arch=*]" = "-ObjC";
				PRODUCT_BUNDLE_IDENTIFIER = com.cs147.Rubato;
				PRODUCT_NAME = "$(TARGET_NAME)";
				PROVISIONING_PROFILE = "";
				SWIFT_OBJC_BRIDGING_HEADER = "Rubato/Rubato-Bridging-Header.h";
			};
			name = Release;
		};
		33D097221BF0205E00E6A3F1 /* Debug */ = {
			isa = XCBuildConfiguration;
			buildSettings = {
				BUNDLE_LOADER = "$(TEST_HOST)";
				INFOPLIST_FILE = RubatoTests/Info.plist;
				LD_RUNPATH_SEARCH_PATHS = "$(inherited) @executable_path/Frameworks @loader_path/Frameworks";
				PRODUCT_BUNDLE_IDENTIFIER = com.cs147.RubatoTests;
				PRODUCT_NAME = "$(TARGET_NAME)";
				TEST_HOST = "$(BUILT_PRODUCTS_DIR)/Rubato.app/Rubato";
			};
			name = Debug;
		};
		33D097231BF0205E00E6A3F1 /* Release */ = {
			isa = XCBuildConfiguration;
			buildSettings = {
				BUNDLE_LOADER = "$(TEST_HOST)";
				INFOPLIST_FILE = RubatoTests/Info.plist;
				LD_RUNPATH_SEARCH_PATHS = "$(inherited) @executable_path/Frameworks @loader_path/Frameworks";
				PRODUCT_BUNDLE_IDENTIFIER = com.cs147.RubatoTests;
				PRODUCT_NAME = "$(TARGET_NAME)";
				TEST_HOST = "$(BUILT_PRODUCTS_DIR)/Rubato.app/Rubato";
			};
			name = Release;
		};
		33D097251BF0205E00E6A3F1 /* Debug */ = {
			isa = XCBuildConfiguration;
			buildSettings = {
				INFOPLIST_FILE = RubatoUITests/Info.plist;
				LD_RUNPATH_SEARCH_PATHS = "$(inherited) @executable_path/Frameworks @loader_path/Frameworks";
				PRODUCT_BUNDLE_IDENTIFIER = com.cs147.RubatoUITests;
				PRODUCT_NAME = "$(TARGET_NAME)";
				TEST_TARGET_NAME = Rubato;
				USES_XCTRUNNER = YES;
			};
			name = Debug;
		};
		33D097261BF0205E00E6A3F1 /* Release */ = {
			isa = XCBuildConfiguration;
			buildSettings = {
				INFOPLIST_FILE = RubatoUITests/Info.plist;
				LD_RUNPATH_SEARCH_PATHS = "$(inherited) @executable_path/Frameworks @loader_path/Frameworks";
				PRODUCT_BUNDLE_IDENTIFIER = com.cs147.RubatoUITests;
				PRODUCT_NAME = "$(TARGET_NAME)";
				TEST_TARGET_NAME = Rubato;
				USES_XCTRUNNER = YES;
			};
			name = Release;
		};
/* End XCBuildConfiguration section */

/* Begin XCConfigurationList section */
		33D096EE1BF0205E00E6A3F1 /* Build configuration list for PBXProject "Rubato" */ = {
			isa = XCConfigurationList;
			buildConfigurations = (
				33D0971C1BF0205E00E6A3F1 /* Debug */,
				33D0971D1BF0205E00E6A3F1 /* Release */,
			);
			defaultConfigurationIsVisible = 0;
			defaultConfigurationName = Release;
		};
		33D0971E1BF0205E00E6A3F1 /* Build configuration list for PBXNativeTarget "Rubato" */ = {
			isa = XCConfigurationList;
			buildConfigurations = (
				33D0971F1BF0205E00E6A3F1 /* Debug */,
				33D097201BF0205E00E6A3F1 /* Release */,
			);
			defaultConfigurationIsVisible = 0;
			defaultConfigurationName = Release;
		};
		33D097211BF0205E00E6A3F1 /* Build configuration list for PBXNativeTarget "RubatoTests" */ = {
			isa = XCConfigurationList;
			buildConfigurations = (
				33D097221BF0205E00E6A3F1 /* Debug */,
				33D097231BF0205E00E6A3F1 /* Release */,
			);
			defaultConfigurationIsVisible = 0;
			defaultConfigurationName = Release;
		};
		33D097241BF0205E00E6A3F1 /* Build configuration list for PBXNativeTarget "RubatoUITests" */ = {
			isa = XCConfigurationList;
			buildConfigurations = (
				33D097251BF0205E00E6A3F1 /* Debug */,
				33D097261BF0205E00E6A3F1 /* Release */,
			);
			defaultConfigurationIsVisible = 0;
			defaultConfigurationName = Release;
		};
/* End XCConfigurationList section */

/* Begin XCVersionGroup section */
		33D096FD1BF0205E00E6A3F1 /* Rubato.xcdatamodeld */ = {
			isa = XCVersionGroup;
			children = (
				33D096FE1BF0205E00E6A3F1 /* Rubato.xcdatamodel */,
			);
			currentVersion = 33D096FE1BF0205E00E6A3F1 /* Rubato.xcdatamodel */;
			path = Rubato.xcdatamodeld;
			sourceTree = "<group>";
			versionGroupType = wrapper.xcdatamodel;
		};
/* End XCVersionGroup section */
	};
	rootObject = 33D096EB1BF0205E00E6A3F1 /* Project object */;
}
